
Microsoft Visual Studio Solution File, Format Version 12.00
# Visual Studio Version 17
VisualStudioVersion = 17.14.36414.22 d17.14
MinimumVisualStudioVersion = 10.0.40219.1
Project("{FAE04EC0-301F-11D3-BF4B-00C04F79EFBC}") = "ShowIP", "ShowIP.csproj", "{5992DB9D-87A3-4CF2-BAC8-1C3EF296CCB9}"
EndProject
Global
	GlobalSection(SolutionConfigurationPlatforms) = preSolution
		Debug|Any CPU = Debug|Any CPU
		Release|Any CPU = Release|Any CPU
	EndGlobalSection
	GlobalSection(ProjectConfigurationPlatforms) = postSolution
		{5992DB9D-87A3-4CF2-BAC8-1C3EF296CCB9}.Debug|Any CPU.ActiveCfg = Debug|Any CPU
		{5992DB9D-87A3-4CF2-BAC8-1C3EF296CCB9}.Debug|Any CPU.Build.0 = Debug|Any CPU
		{5992DB9D-87A3-4CF2-BAC8-1C3EF296CCB9}.Release|Any CPU.ActiveCfg = Release|Any CPU
		{5992DB9D-87A3-4CF2-BAC8-1C3EF296CCB9}.Release|Any CPU.Build.0 = Release|Any CPU
	EndGlobalSection
	GlobalSection(SolutionProperties) = preSolution
		HideSolutionNode = FALSE
	EndGlobalSection
	GlobalSection(ExtensibilityGlobals) = postSolution
		SolutionGuid = {3E9F37C9-2820-4A05-8F34-906383147284}
	EndGlobalSection
EndGlobal
